// !$*UTF8*$!
{
	archiveVersion = 1;
	classes = {
	};
	objectVersion = 48;
	objects = {

/* Begin PBXBuildFile section */
		53EA12CBC2D4E676B6453EE9 /* Pods_Sample_WKWebViewTests.framework in Frameworks */ = {isa = PBXBuildFile; fileRef = E0E2D6999559E21BB2A8BCE0 /* Pods_Sample_WKWebViewTests.framework */; };
		7B9E64221EC90B86F9A03746 /* Pods_Sample_WKWebView.framework in Frameworks */ = {isa = PBXBuildFile; fileRef = 4EE9A1A4A54BE87FC9F80A5E /* Pods_Sample_WKWebView.framework */; };
		E16DC80C20922DDA00FC5F56 /* AppDelegate.swift in Sources */ = {isa = PBXBuildFile; fileRef = E16DC80B20922DDA00FC5F56 /* AppDelegate.swift */; };
		E16DC80E20922DDA00FC5F56 /* ViewController.swift in Sources */ = {isa = PBXBuildFile; fileRef = E16DC80D20922DDA00FC5F56 /* ViewController.swift */; };
		E16DC81120922DDA00FC5F56 /* Main.storyboard in Resources */ = {isa = PBXBuildFile; fileRef = E16DC80F20922DDA00FC5F56 /* Main.storyboard */; };
		E16DC81320922DDA00FC5F56 /* Assets.xcassets in Resources */ = {isa = PBXBuildFile; fileRef = E16DC81220922DDA00FC5F56 /* Assets.xcassets */; };
		E16DC81620922DDA00FC5F56 /* LaunchScreen.storyboard in Resources */ = {isa = PBXBuildFile; fileRef = E16DC81420922DDA00FC5F56 /* LaunchScreen.storyboard */; };
		E16DC82120922DDA00FC5F56 /* Sample_WKWebViewTests.swift in Sources */ = {isa = PBXBuildFile; fileRef = E16DC82020922DDA00FC5F56 /* Sample_WKWebViewTests.swift */; };
		E16DC82D2092370400FC5F56 /* WebKit.framework in Frameworks */ = {isa = PBXBuildFile; fileRef = E16DC82C2092370400FC5F56 /* WebKit.framework */; };
		E1CF6E732174F69C004DDD46 /* CustomToolbar.swift in Sources */ = {isa = PBXBuildFile; fileRef = E1CF6E722174F69C004DDD46 /* CustomToolbar.swift */; };
		E1E5DAA420969A2600B59F73 /* ViewControllerFactory.swift in Sources */ = {isa = PBXBuildFile; fileRef = E1E5DAA320969A2600B59F73 /* ViewControllerFactory.swift */; };
		E1E5DAA9209A1CAA00B59F73 /* storyboards.swift in Sources */ = {isa = PBXBuildFile; fileRef = E1E5DAA7209A1CA900B59F73 /* storyboards.swift */; };
		E1E5DAAA209A1CAA00B59F73 /* assets-images.swift in Sources */ = {isa = PBXBuildFile; fileRef = E1E5DAA8209A1CA900B59F73 /* assets-images.swift */; };
		E1E5DAAD209A1EDA00B59F73 /* Localizable.strings in Resources */ = {isa = PBXBuildFile; fileRef = E1E5DAAB209A1EDA00B59F73 /* Localizable.strings */; };
		E1E5DAAF209A205E00B59F73 /* strings.swift in Sources */ = {isa = PBXBuildFile; fileRef = E1E5DAAE209A205E00B59F73 /* strings.swift */; };
/* End PBXBuildFile section */

/* Begin PBXContainerItemProxy section */
		E16DC81D20922DDA00FC5F56 /* PBXContainerItemProxy */ = {
			isa = PBXContainerItemProxy;
			containerPortal = E16DC80020922DDA00FC5F56 /* Project object */;
			proxyType = 1;
			remoteGlobalIDString = E16DC80720922DDA00FC5F56;
			remoteInfo = "Sample-WKWebView";
		};
/* End PBXContainerItemProxy section */

/* Begin PBXFileReference section */
		01034C90D5B8464D3DCD5085 /* Pods-Sample-WKWebViewTests.debug.xcconfig */ = {isa = PBXFileReference; includeInIndex = 1; lastKnownFileType = text.xcconfig; name = "Pods-Sample-WKWebViewTests.debug.xcconfig"; path = "Pods/Target Support Files/Pods-Sample-WKWebViewTests/Pods-Sample-WKWebViewTests.debug.xcconfig"; sourceTree = "<group>"; };
		0EDF30181244DE41F3DFE028 /* Pods-Sample-WKWebView.debug.xcconfig */ = {isa = PBXFileReference; includeInIndex = 1; lastKnownFileType = text.xcconfig; name = "Pods-Sample-WKWebView.debug.xcconfig"; path = "Pods/Target Support Files/Pods-Sample-WKWebView/Pods-Sample-WKWebView.debug.xcconfig"; sourceTree = "<group>"; };
		4EE9A1A4A54BE87FC9F80A5E /* Pods_Sample_WKWebView.framework */ = {isa = PBXFileReference; explicitFileType = wrapper.framework; includeInIndex = 0; path = Pods_Sample_WKWebView.framework; sourceTree = BUILT_PRODUCTS_DIR; };
		8202AD60C689006E9F652924 /* Pods-Sample-WKWebView.release.xcconfig */ = {isa = PBXFileReference; includeInIndex = 1; lastKnownFileType = text.xcconfig; name = "Pods-Sample-WKWebView.release.xcconfig"; path = "Pods/Target Support Files/Pods-Sample-WKWebView/Pods-Sample-WKWebView.release.xcconfig"; sourceTree = "<group>"; };
		87EEEE9B0D41320E9DDA4B0F /* Pods-Sample-WKWebViewTests.release.xcconfig */ = {isa = PBXFileReference; includeInIndex = 1; lastKnownFileType = text.xcconfig; name = "Pods-Sample-WKWebViewTests.release.xcconfig"; path = "Pods/Target Support Files/Pods-Sample-WKWebViewTests/Pods-Sample-WKWebViewTests.release.xcconfig"; sourceTree = "<group>"; };
		E0E2D6999559E21BB2A8BCE0 /* Pods_Sample_WKWebViewTests.framework */ = {isa = PBXFileReference; explicitFileType = wrapper.framework; includeInIndex = 0; path = Pods_Sample_WKWebViewTests.framework; sourceTree = BUILT_PRODUCTS_DIR; };
		E16DC80820922DDA00FC5F56 /* Sample-WKWebView.app */ = {isa = PBXFileReference; explicitFileType = wrapper.application; includeInIndex = 0; path = "Sample-WKWebView.app"; sourceTree = BUILT_PRODUCTS_DIR; };
		E16DC80B20922DDA00FC5F56 /* AppDelegate.swift */ = {isa = PBXFileReference; lastKnownFileType = sourcecode.swift; path = AppDelegate.swift; sourceTree = "<group>"; };
		E16DC80D20922DDA00FC5F56 /* ViewController.swift */ = {isa = PBXFileReference; lastKnownFileType = sourcecode.swift; path = ViewController.swift; sourceTree = "<group>"; };
		E16DC81020922DDA00FC5F56 /* Base */ = {isa = PBXFileReference; lastKnownFileType = file.storyboard; name = Base; path = Base.lproj/Main.storyboard; sourceTree = "<group>"; };
		E16DC81220922DDA00FC5F56 /* Assets.xcassets */ = {isa = PBXFileReference; lastKnownFileType = folder.assetcatalog; path = Assets.xcassets; sourceTree = "<group>"; };
		E16DC81520922DDA00FC5F56 /* Base */ = {isa = PBXFileReference; lastKnownFileType = file.storyboard; name = Base; path = Base.lproj/LaunchScreen.storyboard; sourceTree = "<group>"; };
		E16DC81720922DDA00FC5F56 /* Info.plist */ = {isa = PBXFileReference; lastKnownFileType = text.plist.xml; path = Info.plist; sourceTree = "<group>"; };
		E16DC81C20922DDA00FC5F56 /* Sample-WKWebViewTests.xctest */ = {isa = PBXFileReference; explicitFileType = wrapper.cfbundle; includeInIndex = 0; path = "Sample-WKWebViewTests.xctest"; sourceTree = BUILT_PRODUCTS_DIR; };
		E16DC82020922DDA00FC5F56 /* Sample_WKWebViewTests.swift */ = {isa = PBXFileReference; lastKnownFileType = sourcecode.swift; path = Sample_WKWebViewTests.swift; sourceTree = "<group>"; };
		E16DC82220922DDA00FC5F56 /* Info.plist */ = {isa = PBXFileReference; lastKnownFileType = text.plist.xml; path = Info.plist; sourceTree = "<group>"; };
		E16DC82C2092370400FC5F56 /* WebKit.framework */ = {isa = PBXFileReference; lastKnownFileType = wrapper.framework; name = WebKit.framework; path = System/Library/Frameworks/WebKit.framework; sourceTree = SDKROOT; };
		E1CF6E722174F69C004DDD46 /* CustomToolbar.swift */ = {isa = PBXFileReference; lastKnownFileType = sourcecode.swift; path = CustomToolbar.swift; sourceTree = "<group>"; };
		E1E5DAA320969A2600B59F73 /* ViewControllerFactory.swift */ = {isa = PBXFileReference; lastKnownFileType = sourcecode.swift; path = ViewControllerFactory.swift; sourceTree = "<group>"; };
		E1E5DAA7209A1CA900B59F73 /* storyboards.swift */ = {isa = PBXFileReference; fileEncoding = 4; lastKnownFileType = sourcecode.swift; name = storyboards.swift; path = "Sample-WKWebView/CodeGenerated/storyboards.swift"; sourceTree = SOURCE_ROOT; };
		E1E5DAA8209A1CA900B59F73 /* assets-images.swift */ = {isa = PBXFileReference; fileEncoding = 4; lastKnownFileType = sourcecode.swift; name = "assets-images.swift"; path = "Sample-WKWebView/CodeGenerated/assets-images.swift"; sourceTree = SOURCE_ROOT; };
		E1E5DAAC209A1EDA00B59F73 /* Base */ = {isa = PBXFileReference; lastKnownFileType = text.plist.strings; name = Base; path = Base.lproj/Localizable.strings; sourceTree = "<group>"; };
		E1E5DAAE209A205E00B59F73 /* strings.swift */ = {isa = PBXFileReference; fileEncoding = 4; lastKnownFileType = sourcecode.swift; path = strings.swift; sourceTree = "<group>"; };
/* End PBXFileReference section */

/* Begin PBXFrameworksBuildPhase section */
		E16DC80520922DDA00FC5F56 /* Frameworks */ = {
			isa = PBXFrameworksBuildPhase;
			buildActionMask = 2147483647;
			files = (
				E16DC82D2092370400FC5F56 /* WebKit.framework in Frameworks */,
				7B9E64221EC90B86F9A03746 /* Pods_Sample_WKWebView.framework in Frameworks */,
			);
			runOnlyForDeploymentPostprocessing = 0;
		};
		E16DC81920922DDA00FC5F56 /* Frameworks */ = {
			isa = PBXFrameworksBuildPhase;
			buildActionMask = 2147483647;
			files = (
				53EA12CBC2D4E676B6453EE9 /* Pods_Sample_WKWebViewTests.framework in Frameworks */,
			);
			runOnlyForDeploymentPostprocessing = 0;
		};
/* End PBXFrameworksBuildPhase section */

/* Begin PBXGroup section */
		1E4CDDBFE1996206FD3DCA97 /* Pods */ = {
			isa = PBXGroup;
			children = (
				0EDF30181244DE41F3DFE028 /* Pods-Sample-WKWebView.debug.xcconfig */,
				8202AD60C689006E9F652924 /* Pods-Sample-WKWebView.release.xcconfig */,
				01034C90D5B8464D3DCD5085 /* Pods-Sample-WKWebViewTests.debug.xcconfig */,
				87EEEE9B0D41320E9DDA4B0F /* Pods-Sample-WKWebViewTests.release.xcconfig */,
			);
			name = Pods;
			sourceTree = "<group>";
		};
		E16DC7FF20922DDA00FC5F56 = {
			isa = PBXGroup;
			children = (
				E16DC80A20922DDA00FC5F56 /* Sample-WKWebView */,
				E16DC81F20922DDA00FC5F56 /* Sample-WKWebViewTests */,
				E16DC80920922DDA00FC5F56 /* Products */,
				E16DC82B2092370300FC5F56 /* Frameworks */,
				1E4CDDBFE1996206FD3DCA97 /* Pods */,
			);
			sourceTree = "<group>";
		};
		E16DC80920922DDA00FC5F56 /* Products */ = {
			isa = PBXGroup;
			children = (
				E16DC80820922DDA00FC5F56 /* Sample-WKWebView.app */,
				E16DC81C20922DDA00FC5F56 /* Sample-WKWebViewTests.xctest */,
			);
			name = Products;
			sourceTree = "<group>";
		};
		E16DC80A20922DDA00FC5F56 /* Sample-WKWebView */ = {
			isa = PBXGroup;
			children = (
				E1E5DAA6209A1C6200B59F73 /* CodeGenerated */,
				E16DC80B20922DDA00FC5F56 /* AppDelegate.swift */,
				E16DC80D20922DDA00FC5F56 /* ViewController.swift */,
				E16DC80F20922DDA00FC5F56 /* Main.storyboard */,
				E16DC81220922DDA00FC5F56 /* Assets.xcassets */,
				E16DC81420922DDA00FC5F56 /* LaunchScreen.storyboard */,
				E16DC81720922DDA00FC5F56 /* Info.plist */,
				E1E5DAA320969A2600B59F73 /* ViewControllerFactory.swift */,
				E1E5DAAB209A1EDA00B59F73 /* Localizable.strings */,
				E1CF6E722174F69C004DDD46 /* CustomToolbar.swift */,
			);
			path = "Sample-WKWebView";
			sourceTree = "<group>";
		};
		E16DC81F20922DDA00FC5F56 /* Sample-WKWebViewTests */ = {
			isa = PBXGroup;
			children = (
				E16DC82020922DDA00FC5F56 /* Sample_WKWebViewTests.swift */,
				E16DC82220922DDA00FC5F56 /* Info.plist */,
			);
			path = "Sample-WKWebViewTests";
			sourceTree = "<group>";
		};
		E16DC82B2092370300FC5F56 /* Frameworks */ = {
			isa = PBXGroup;
			children = (
				E16DC82C2092370400FC5F56 /* WebKit.framework */,
				4EE9A1A4A54BE87FC9F80A5E /* Pods_Sample_WKWebView.framework */,
				E0E2D6999559E21BB2A8BCE0 /* Pods_Sample_WKWebViewTests.framework */,
			);
			name = Frameworks;
			sourceTree = "<group>";
		};
		E1E5DAA6209A1C6200B59F73 /* CodeGenerated */ = {
			isa = PBXGroup;
			children = (
				E1E5DAAE209A205E00B59F73 /* strings.swift */,
				E1E5DAA8209A1CA900B59F73 /* assets-images.swift */,
				E1E5DAA7209A1CA900B59F73 /* storyboards.swift */,
			);
			path = CodeGenerated;
			sourceTree = "<group>";
		};
/* End PBXGroup section */

/* Begin PBXNativeTarget section */
		E16DC80720922DDA00FC5F56 /* Sample-WKWebView */ = {
			isa = PBXNativeTarget;
			buildConfigurationList = E16DC82520922DDA00FC5F56 /* Build configuration list for PBXNativeTarget "Sample-WKWebView" */;
			buildPhases = (
				30F7570CDEB1AFBDA3C98162 /* [CP] Check Pods Manifest.lock */,
				E16DC80420922DDA00FC5F56 /* Sources */,
				E16DC80520922DDA00FC5F56 /* Frameworks */,
				E16DC80620922DDA00FC5F56 /* Resources */,
				ABF560DA58784857284FB192 /* [CP] Embed Pods Frameworks */,
				3DF7D911BE4AEAE20B1E7966 /* [CP] Copy Pods Resources */,
				E1E5DAA52098BF7E00B59F73 /* Run Script */,
			);
			buildRules = (
			);
			dependencies = (
			);
			name = "Sample-WKWebView";
			productName = "Sample-WKWebView";
			productReference = E16DC80820922DDA00FC5F56 /* Sample-WKWebView.app */;
			productType = "com.apple.product-type.application";
		};
		E16DC81B20922DDA00FC5F56 /* Sample-WKWebViewTests */ = {
			isa = PBXNativeTarget;
			buildConfigurationList = E16DC82820922DDA00FC5F56 /* Build configuration list for PBXNativeTarget "Sample-WKWebViewTests" */;
			buildPhases = (
				D55816B4F237F70F10CB825B /* [CP] Check Pods Manifest.lock */,
				E16DC81820922DDA00FC5F56 /* Sources */,
				E16DC81920922DDA00FC5F56 /* Frameworks */,
				E16DC81A20922DDA00FC5F56 /* Resources */,
				2E5DE5FD35B94FD06EFB72CC /* [CP] Embed Pods Frameworks */,
				2A3A2B06DC6BE07C4F3735E0 /* [CP] Copy Pods Resources */,
			);
			buildRules = (
			);
			dependencies = (
				E16DC81E20922DDA00FC5F56 /* PBXTargetDependency */,
			);
			name = "Sample-WKWebViewTests";
			productName = "Sample-WKWebViewTests";
			productReference = E16DC81C20922DDA00FC5F56 /* Sample-WKWebViewTests.xctest */;
			productType = "com.apple.product-type.bundle.unit-test";
		};
/* End PBXNativeTarget section */

/* Begin PBXProject section */
		E16DC80020922DDA00FC5F56 /* Project object */ = {
			isa = PBXProject;
			attributes = {
				LastSwiftUpdateCheck = 0920;
				LastUpgradeCheck = 0940;
				ORGANIZATIONNAME = Takumi;
				TargetAttributes = {
					E16DC80720922DDA00FC5F56 = {
						CreatedOnToolsVersion = 9.2;
						ProvisioningStyle = Automatic;
					};
					E16DC81B20922DDA00FC5F56 = {
						CreatedOnToolsVersion = 9.2;
						ProvisioningStyle = Automatic;
						TestTargetID = E16DC80720922DDA00FC5F56;
					};
				};
			};
			buildConfigurationList = E16DC80320922DDA00FC5F56 /* Build configuration list for PBXProject "Sample-WKWebView" */;
			compatibilityVersion = "Xcode 8.0";
			developmentRegion = en;
			hasScannedForEncodings = 0;
			knownRegions = (
				en,
				Base,
			);
			mainGroup = E16DC7FF20922DDA00FC5F56;
			productRefGroup = E16DC80920922DDA00FC5F56 /* Products */;
			projectDirPath = "";
			projectRoot = "";
			targets = (
				E16DC80720922DDA00FC5F56 /* Sample-WKWebView */,
				E16DC81B20922DDA00FC5F56 /* Sample-WKWebViewTests */,
			);
		};
/* End PBXProject section */

/* Begin PBXResourcesBuildPhase section */
		E16DC80620922DDA00FC5F56 /* Resources */ = {
			isa = PBXResourcesBuildPhase;
			buildActionMask = 2147483647;
			files = (
				E16DC81620922DDA00FC5F56 /* LaunchScreen.storyboard in Resources */,
				E1E5DAAD209A1EDA00B59F73 /* Localizable.strings in Resources */,
				E16DC81320922DDA00FC5F56 /* Assets.xcassets in Resources */,
				E16DC81120922DDA00FC5F56 /* Main.storyboard in Resources */,
			);
			runOnlyForDeploymentPostprocessing = 0;
		};
		E16DC81A20922DDA00FC5F56 /* Resources */ = {
			isa = PBXResourcesBuildPhase;
			buildActionMask = 2147483647;
			files = (
			);
			runOnlyForDeploymentPostprocessing = 0;
		};
/* End PBXResourcesBuildPhase section */

/* Begin PBXShellScriptBuildPhase section */
		2A3A2B06DC6BE07C4F3735E0 /* [CP] Copy Pods Resources */ = {
			isa = PBXShellScriptBuildPhase;
			buildActionMask = 2147483647;
			files = (
			);
			inputPaths = (
			);
			name = "[CP] Copy Pods Resources";
			outputPaths = (
			);
			runOnlyForDeploymentPostprocessing = 0;
			shellPath = /bin/sh;
			shellScript = "\"${SRCROOT}/Pods/Target Support Files/Pods-Sample-WKWebViewTests/Pods-Sample-WKWebViewTests-resources.sh\"\n";
			showEnvVarsInLog = 0;
		};
		2E5DE5FD35B94FD06EFB72CC /* [CP] Embed Pods Frameworks */ = {
			isa = PBXShellScriptBuildPhase;
			buildActionMask = 2147483647;
			files = (
			);
			inputPaths = (
			);
			name = "[CP] Embed Pods Frameworks";
			outputPaths = (
			);
			runOnlyForDeploymentPostprocessing = 0;
			shellPath = /bin/sh;
			shellScript = "\"${SRCROOT}/Pods/Target Support Files/Pods-Sample-WKWebViewTests/Pods-Sample-WKWebViewTests-frameworks.sh\"\n";
			showEnvVarsInLog = 0;
		};
		30F7570CDEB1AFBDA3C98162 /* [CP] Check Pods Manifest.lock */ = {
			isa = PBXShellScriptBuildPhase;
			buildActionMask = 2147483647;
			files = (
			);
			inputPaths = (
				"${PODS_PODFILE_DIR_PATH}/Podfile.lock",
				"${PODS_ROOT}/Manifest.lock",
			);
			name = "[CP] Check Pods Manifest.lock";
			outputPaths = (
				"$(DERIVED_FILE_DIR)/Pods-Sample-WKWebView-checkManifestLockResult.txt",
			);
			runOnlyForDeploymentPostprocessing = 0;
			shellPath = /bin/sh;
			shellScript = "diff \"${PODS_PODFILE_DIR_PATH}/Podfile.lock\" \"${PODS_ROOT}/Manifest.lock\" > /dev/null\nif [ $? != 0 ] ; then\n    # print error to STDERR\n    echo \"error: The sandbox is not in sync with the Podfile.lock. Run 'pod install' or update your CocoaPods installation.\" >&2\n    exit 1\nfi\n# This output is used by Xcode 'outputs' to avoid re-running this script phase.\necho \"SUCCESS\" > \"${SCRIPT_OUTPUT_FILE_0}\"\n";
			showEnvVarsInLog = 0;
		};
		3DF7D911BE4AEAE20B1E7966 /* [CP] Copy Pods Resources */ = {
			isa = PBXShellScriptBuildPhase;
			buildActionMask = 2147483647;
			files = (
			);
			inputPaths = (
			);
			name = "[CP] Copy Pods Resources";
			outputPaths = (
			);
			runOnlyForDeploymentPostprocessing = 0;
			shellPath = /bin/sh;
			shellScript = "\"${SRCROOT}/Pods/Target Support Files/Pods-Sample-WKWebView/Pods-Sample-WKWebView-resources.sh\"\n";
			showEnvVarsInLog = 0;
		};
		ABF560DA58784857284FB192 /* [CP] Embed Pods Frameworks */ = {
			isa = PBXShellScriptBuildPhase;
			buildActionMask = 2147483647;
			files = (
			);
			inputPaths = (
			);
			name = "[CP] Embed Pods Frameworks";
			outputPaths = (
			);
			runOnlyForDeploymentPostprocessing = 0;
			shellPath = /bin/sh;
			shellScript = "\"${SRCROOT}/Pods/Target Support Files/Pods-Sample-WKWebView/Pods-Sample-WKWebView-frameworks.sh\"\n";
			showEnvVarsInLog = 0;
		};
		D55816B4F237F70F10CB825B /* [CP] Check Pods Manifest.lock */ = {
			isa = PBXShellScriptBuildPhase;
			buildActionMask = 2147483647;
			files = (
			);
			inputPaths = (
				"${PODS_PODFILE_DIR_PATH}/Podfile.lock",
				"${PODS_ROOT}/Manifest.lock",
			);
			name = "[CP] Check Pods Manifest.lock";
			outputPaths = (
				"$(DERIVED_FILE_DIR)/Pods-Sample-WKWebViewTests-checkManifestLockResult.txt",
			);
			runOnlyForDeploymentPostprocessing = 0;
			shellPath = /bin/sh;
			shellScript = "diff \"${PODS_PODFILE_DIR_PATH}/Podfile.lock\" \"${PODS_ROOT}/Manifest.lock\" > /dev/null\nif [ $? != 0 ] ; then\n    # print error to STDERR\n    echo \"error: The sandbox is not in sync with the Podfile.lock. Run 'pod install' or update your CocoaPods installation.\" >&2\n    exit 1\nfi\n# This output is used by Xcode 'outputs' to avoid re-running this script phase.\necho \"SUCCESS\" > \"${SCRIPT_OUTPUT_FILE_0}\"\n";
			showEnvVarsInLog = 0;
		};
		E1E5DAA52098BF7E00B59F73 /* Run Script */ = {
			isa = PBXShellScriptBuildPhase;
			buildActionMask = 2147483647;
			files = (
			);
			inputPaths = (
			);
			name = "Run Script";
			outputPaths = (
			);
			runOnlyForDeploymentPostprocessing = 0;
			shellPath = /bin/sh;
			shellScript = "${PODS_ROOT}/SwiftGen/bin/SwiftGen";
		};
/* End PBXShellScriptBuildPhase section */

/* Begin PBXSourcesBuildPhase section */
		E16DC80420922DDA00FC5F56 /* Sources */ = {
			isa = PBXSourcesBuildPhase;
			buildActionMask = 2147483647;
			files = (
				E1E5DAAA209A1CAA00B59F73 /* assets-images.swift in Sources */,
				E1CF6E732174F69C004DDD46 /* CustomToolbar.swift in Sources */,
				E1E5DAA9209A1CAA00B59F73 /* storyboards.swift in Sources */,
				E1E5DAAF209A205E00B59F73 /* strings.swift in Sources */,
				E1E5DAA420969A2600B59F73 /* ViewControllerFactory.swift in Sources */,
				E16DC80E20922DDA00FC5F56 /* ViewController.swift in Sources */,
				E16DC80C20922DDA00FC5F56 /* AppDelegate.swift in Sources */,
			);
			runOnlyForDeploymentPostprocessing = 0;
		};
		E16DC81820922DDA00FC5F56 /* Sources */ = {
			isa = PBXSourcesBuildPhase;
			buildActionMask = 2147483647;
			files = (
				E16DC82120922DDA00FC5F56 /* Sample_WKWebViewTests.swift in Sources */,
			);
			runOnlyForDeploymentPostprocessing = 0;
		};
/* End PBXSourcesBuildPhase section */

/* Begin PBXTargetDependency section */
		E16DC81E20922DDA00FC5F56 /* PBXTargetDependency */ = {
			isa = PBXTargetDependency;
			target = E16DC80720922DDA00FC5F56 /* Sample-WKWebView */;
			targetProxy = E16DC81D20922DDA00FC5F56 /* PBXContainerItemProxy */;
		};
/* End PBXTargetDependency section */

/* Begin PBXVariantGroup section */
		E16DC80F20922DDA00FC5F56 /* Main.storyboard */ = {
			isa = PBXVariantGroup;
			children = (
				E16DC81020922DDA00FC5F56 /* Base */,
			);
			name = Main.storyboard;
			sourceTree = "<group>";
		};
		E16DC81420922DDA00FC5F56 /* LaunchScreen.storyboard */ = {
			isa = PBXVariantGroup;
			children = (
				E16DC81520922DDA00FC5F56 /* Base */,
			);
			name = LaunchScreen.storyboard;
			sourceTree = "<group>";
		};
		E1E5DAAB209A1EDA00B59F73 /* Localizable.strings */ = {
			isa = PBXVariantGroup;
			children = (
				E1E5DAAC209A1EDA00B59F73 /* Base */,
			);
			name = Localizable.strings;
			sourceTree = "<group>";
		};
/* End PBXVariantGroup section */

/* Begin XCBuildConfiguration section */
		E16DC82320922DDA00FC5F56 /* Debug */ = {
			isa = XCBuildConfiguration;
			buildSettings = {
				ALWAYS_SEARCH_USER_PATHS = NO;
				CLANG_ANALYZER_NONNULL = YES;
				CLANG_ANALYZER_NUMBER_OBJECT_CONVERSION = YES_AGGRESSIVE;
				CLANG_CXX_LANGUAGE_STANDARD = "gnu++14";
				CLANG_CXX_LIBRARY = "libc++";
				CLANG_ENABLE_MODULES = YES;
				CLANG_ENABLE_OBJC_ARC = YES;
				CLANG_WARN_BLOCK_CAPTURE_AUTORELEASING = YES;
				CLANG_WARN_BOOL_CONVERSION = YES;
				CLANG_WARN_COMMA = YES;
				CLANG_WARN_CONSTANT_CONVERSION = YES;
				CLANG_WARN_DEPRECATED_OBJC_IMPLEMENTATIONS = YES;
				CLANG_WARN_DIRECT_OBJC_ISA_USAGE = YES_ERROR;
				CLANG_WARN_DOCUMENTATION_COMMENTS = YES;
				CLANG_WARN_EMPTY_BODY = YES;
				CLANG_WARN_ENUM_CONVERSION = YES;
				CLANG_WARN_INFINITE_RECURSION = YES;
				CLANG_WARN_INT_CONVERSION = YES;
				CLANG_WARN_NON_LITERAL_NULL_CONVERSION = YES;
				CLANG_WARN_OBJC_IMPLICIT_RETAIN_SELF = YES;
				CLANG_WARN_OBJC_LITERAL_CONVERSION = YES;
				CLANG_WARN_OBJC_ROOT_CLASS = YES_ERROR;
				CLANG_WARN_RANGE_LOOP_ANALYSIS = YES;
				CLANG_WARN_STRICT_PROTOTYPES = YES;
				CLANG_WARN_SUSPICIOUS_MOVE = YES;
				CLANG_WARN_UNGUARDED_AVAILABILITY = YES_AGGRESSIVE;
				CLANG_WARN_UNREACHABLE_CODE = YES;
				CLANG_WARN__DUPLICATE_METHOD_MATCH = YES;
				CODE_SIGN_IDENTITY = "iPhone Developer";
				COPY_PHASE_STRIP = NO;
				DEBUG_INFORMATION_FORMAT = dwarf;
				ENABLE_STRICT_OBJC_MSGSEND = YES;
				ENABLE_TESTABILITY = YES;
				GCC_C_LANGUAGE_STANDARD = gnu11;
				GCC_DYNAMIC_NO_PIC = NO;
				GCC_NO_COMMON_BLOCKS = YES;
				GCC_OPTIMIZATION_LEVEL = 0;
				GCC_PREPROCESSOR_DEFINITIONS = (
					"DEBUG=1",
					"$(inherited)",
				);
				GCC_WARN_64_TO_32_BIT_CONVERSION = YES;
				GCC_WARN_ABOUT_RETURN_TYPE = YES_ERROR;
				GCC_WARN_UNDECLARED_SELECTOR = YES;
				GCC_WARN_UNINITIALIZED_AUTOS = YES_AGGRESSIVE;
				GCC_WARN_UNUSED_FUNCTION = YES;
				GCC_WARN_UNUSED_VARIABLE = YES;
				IPHONEOS_DEPLOYMENT_TARGET = 10.0;
				MTL_ENABLE_DEBUG_INFO = YES;
				ONLY_ACTIVE_ARCH = YES;
				OTHER_SWIFT_FLAGS = "-DDEBUG";
				SDKROOT = iphoneos;
				SWIFT_ACTIVE_COMPILATION_CONDITIONS = DEBUG;
				SWIFT_OPTIMIZATION_LEVEL = "-Onone";
			};
			name = Debug;
		};
		E16DC82420922DDA00FC5F56 /* Release */ = {
			isa = XCBuildConfiguration;
			buildSettings = {
				ALWAYS_SEARCH_USER_PATHS = NO;
				CLANG_ANALYZER_NONNULL = YES;
				CLANG_ANALYZER_NUMBER_OBJECT_CONVERSION = YES_AGGRESSIVE;
				CLANG_CXX_LANGUAGE_STANDARD = "gnu++14";
				CLANG_CXX_LIBRARY = "libc++";
				CLANG_ENABLE_MODULES = YES;
				CLANG_ENABLE_OBJC_ARC = YES;
				CLANG_WARN_BLOCK_CAPTURE_AUTORELEASING = YES;
				CLANG_WARN_BOOL_CONVERSION = YES;
				CLANG_WARN_COMMA = YES;
				CLANG_WARN_CONSTANT_CONVERSION = YES;
				CLANG_WARN_DEPRECATED_OBJC_IMPLEMENTATIONS = YES;
				CLANG_WARN_DIRECT_OBJC_ISA_USAGE = YES_ERROR;
				CLANG_WARN_DOCUMENTATION_COMMENTS = YES;
				CLANG_WARN_EMPTY_BODY = YES;
				CLANG_WARN_ENUM_CONVERSION = YES;
				CLANG_WARN_INFINITE_RECURSION = YES;
				CLANG_WARN_INT_CONVERSION = YES;
				CLANG_WARN_NON_LITERAL_NULL_CONVERSION = YES;
				CLANG_WARN_OBJC_IMPLICIT_RETAIN_SELF = YES;
				CLANG_WARN_OBJC_LITERAL_CONVERSION = YES;
				CLANG_WARN_OBJC_ROOT_CLASS = YES_ERROR;
				CLANG_WARN_RANGE_LOOP_ANALYSIS = YES;
				CLANG_WARN_STRICT_PROTOTYPES = YES;
				CLANG_WARN_SUSPICIOUS_MOVE = YES;
				CLANG_WARN_UNGUARDED_AVAILABILITY = YES_AGGRESSIVE;
				CLANG_WARN_UNREACHABLE_CODE = YES;
				CLANG_WARN__DUPLICATE_METHOD_MATCH = YES;
				CODE_SIGN_IDENTITY = "iPhone Developer";
				COPY_PHASE_STRIP = NO;
				DEBUG_INFORMATION_FORMAT = "dwarf-with-dsym";
				ENABLE_NS_ASSERTIONS = NO;
				ENABLE_STRICT_OBJC_MSGSEND = YES;
				GCC_C_LANGUAGE_STANDARD = gnu11;
				GCC_NO_COMMON_BLOCKS = YES;
				GCC_WARN_64_TO_32_BIT_CONVERSION = YES;
				GCC_WARN_ABOUT_RETURN_TYPE = YES_ERROR;
				GCC_WARN_UNDECLARED_SELECTOR = YES;
				GCC_WARN_UNINITIALIZED_AUTOS = YES_AGGRESSIVE;
				GCC_WARN_UNUSED_FUNCTION = YES;
				GCC_WARN_UNUSED_VARIABLE = YES;
				IPHONEOS_DEPLOYMENT_TARGET = 10.0;
				MTL_ENABLE_DEBUG_INFO = NO;
				OTHER_SWIFT_FLAGS = "-DRELEASE";
				SDKROOT = iphoneos;
				SWIFT_OPTIMIZATION_LEVEL = "-Owholemodule";
				VALIDATE_PRODUCT = YES;
			};
			name = Release;
		};
		E16DC82620922DDA00FC5F56 /* Debug */ = {
			isa = XCBuildConfiguration;
			baseConfigurationReference = 0EDF30181244DE41F3DFE028 /* Pods-Sample-WKWebView.debug.xcconfig */;
			buildSettings = {
				ASSETCATALOG_COMPILER_APPICON_NAME = AppIcon;
				CODE_SIGN_STYLE = Automatic;
				DEVELOPMENT_TEAM = 9D8UR7H9D4;
				INFOPLIST_FILE = "Sample-WKWebView/Info.plist";
				IPHONEOS_DEPLOYMENT_TARGET = 10.0;
				LD_RUNPATH_SEARCH_PATHS = "$(inherited) @executable_path/Frameworks";
				PRODUCT_BUNDLE_IDENTIFIER = "jp.takumi.Sample-WKWebView";
				PRODUCT_NAME = "$(TARGET_NAME)";
				SWIFT_VERSION = 4.0;
				TARGETED_DEVICE_FAMILY = "1,2";
			};
			name = Debug;
		};
		E16DC82720922DDA00FC5F56 /* Release */ = {
			isa = XCBuildConfiguration;
			baseConfigurationReference = 8202AD60C689006E9F652924 /* Pods-Sample-WKWebView.release.xcconfig */;
			buildSettings = {
				ASSETCATALOG_COMPILER_APPICON_NAME = AppIcon;
				CODE_SIGN_STYLE = Automatic;
				DEVELOPMENT_TEAM = 9D8UR7H9D4;
				INFOPLIST_FILE = "Sample-WKWebView/Info.plist";
				IPHONEOS_DEPLOYMENT_TARGET = 10.0;
				LD_RUNPATH_SEARCH_PATHS = "$(inherited) @executable_path/Frameworks";
				PRODUCT_BUNDLE_IDENTIFIER = "jp.takumi.Sample-WKWebView";
				PRODUCT_NAME = "$(TARGET_NAME)";
				SWIFT_VERSION = 4.0;
				TARGETED_DEVICE_FAMILY = "1,2";
			};
			name = Release;
		};
		E16DC82920922DDA00FC5F56 /* Debug */ = {
			isa = XCBuildConfiguration;
			baseConfigurationReference = 01034C90D5B8464D3DCD5085 /* Pods-Sample-WKWebViewTests.debug.xcconfig */;
			buildSettings = {
				ALWAYS_EMBED_SWIFT_STANDARD_LIBRARIES = YES;
				BUNDLE_LOADER = "$(TEST_HOST)";
				CODE_SIGN_STYLE = Automatic;
				DEVELOPMENT_TEAM = 9D8UR7H9D4;
				INFOPLIST_FILE = "Sample-WKWebViewTests/Info.plist";
				LD_RUNPATH_SEARCH_PATHS = "$(inherited) @executable_path/Frameworks @loader_path/Frameworks";
				PRODUCT_BUNDLE_IDENTIFIER = "jp.takumi.Sample-WKWebViewTests";
				PRODUCT_NAME = "$(TARGET_NAME)";
				SWIFT_VERSION = 4.0;
				TARGETED_DEVICE_FAMILY = "1,2";
				TEST_HOST = "$(BUILT_PRODUCTS_DIR)/Sample-WKWebView.app/Sample-WKWebView";
			};
			name = Debug;
		};
		E16DC82A20922DDA00FC5F56 /* Release */ = {
			isa = XCBuildConfiguration;
			baseConfigurationReference = 87EEEE9B0D41320E9DDA4B0F /* Pods-Sample-WKWebViewTests.release.xcconfig */;
			buildSettings = {
				ALWAYS_EMBED_SWIFT_STANDARD_LIBRARIES = YES;
				BUNDLE_LOADER = "$(TEST_HOST)";
				CODE_SIGN_STYLE = Automatic;
				DEVELOPMENT_TEAM = 9D8UR7H9D4;
				INFOPLIST_FILE = "Sample-WKWebViewTests/Info.plist";
				LD_RUNPATH_SEARCH_PATHS = "$(inherited) @executable_path/Frameworks @loader_path/Frameworks";
				PRODUCT_BUNDLE_IDENTIFIER = "jp.takumi.Sample-WKWebViewTests";
				PRODUCT_NAME = "$(TARGET_NAME)";
				SWIFT_VERSION = 4.0;
				TARGETED_DEVICE_FAMILY = "1,2";
				TEST_HOST = "$(BUILT_PRODUCTS_DIR)/Sample-WKWebView.app/Sample-WKWebView";
			};
			name = Release;
		};
/* End XCBuildConfiguration section */

/* Begin XCConfigurationList section */
		E16DC80320922DDA00FC5F56 /* Build configuration list for PBXProject "Sample-WKWebView" */ = {
			isa = XCConfigurationList;
			buildConfigurations = (
				E16DC82320922DDA00FC5F56 /* Debug */,
				E16DC82420922DDA00FC5F56 /* Release */,
			);
			defaultConfigurationIsVisible = 0;
			defaultConfigurationName = Release;
		};
		E16DC82520922DDA00FC5F56 /* Build configuration list for PBXNativeTarget "Sample-WKWebView" */ = {
			isa = XCConfigurationList;
			buildConfigurations = (
				E16DC82620922DDA00FC5F56 /* Debug */,
				E16DC82720922DDA00FC5F56 /* Release */,
			);
			defaultConfigurationIsVisible = 0;
			defaultConfigurationName = Release;
		};
		E16DC82820922DDA00FC5F56 /* Build configuration list for PBXNativeTarget "Sample-WKWebViewTests" */ = {
			isa = XCConfigurationList;
			buildConfigurations = (
				E16DC82920922DDA00FC5F56 /* Debug */,
				E16DC82A20922DDA00FC5F56 /* Release */,
			);
			defaultConfigurationIsVisible = 0;
			defaultConfigurationName = Release;
		};
/* End XCConfigurationList section */
	};
	rootObject = E16DC80020922DDA00FC5F56 /* Project object */;
}
